
Microsoft Visual Studio Solution File, Format Version 12.00
# Visual Studio Version 17
VisualStudioVersion = 17.4.32916.344
MinimumVisualStudioVersion = 10.0.40219.1
Project("{FAE04EC0-301F-11D3-BF4B-00C04F79EFBC}") = "Zero Hunger", "Zero Hunger.csproj", "{ED356F83-F1B6-4B0C-855E-A32373E7DC8F}"
EndProject
Global
	GlobalSection(SolutionConfigurationPlatforms) = preSolution
		Debug|Any CPU = Debug|Any CPU
		Release|Any CPU = Release|Any CPU
	EndGlobalSection
	GlobalSection(ProjectConfigurationPlatforms) = postSolution
		{ED356F83-F1B6-4B0C-855E-A32373E7DC8F}.Debug|Any CPU.ActiveCfg = Debug|Any CPU
		{ED356F83-F1B6-4B0C-855E-A32373E7DC8F}.Debug|Any CPU.Build.0 = Debug|Any CPU
		{ED356F83-F1B6-4B0C-855E-A32373E7DC8F}.Release|Any CPU.ActiveCfg = Release|Any CPU
		{ED356F83-F1B6-4B0C-855E-A32373E7DC8F}.Release|Any CPU.Build.0 = Release|Any CPU
	EndGlobalSection
	GlobalSection(SolutionProperties) = preSolution
		HideSolutionNode = FALSE
	EndGlobalSection
	GlobalSection(ExtensibilityGlobals) = postSolution
		SolutionGuid = {7CC1034F-1A63-498F-AF2E-6336A71403E9}
	EndGlobalSection
EndGlobal
